
Microsoft Visual Studio Solution File, Format Version 12.00
# Visual Studio Version 16
VisualStudioVersion = 16.0.31129.286
MinimumVisualStudioVersion = 10.0.40219.1
Project("{FAE04EC0-301F-11D3-BF4B-00C04F79EFBC}") = "jewelry", "jewelry\jewelry.csproj", "{A7F01448-BE30-42D5-A64E-257EC45F5A3E}"
EndProject
Global
	GlobalSection(SolutionConfigurationPlatforms) = preSolution
		Debug|Any CPU = Debug|Any CPU
		Release|Any CPU = Release|Any CPU
	EndGlobalSection
	GlobalSection(ProjectConfigurationPlatforms) = postSolution
		{A7F01448-BE30-42D5-A64E-257EC45F5A3E}.Debug|Any CPU.ActiveCfg = Debug|Any CPU
		{A7F01448-BE30-42D5-A64E-257EC45F5A3E}.Debug|Any CPU.Build.0 = Debug|Any CPU
		{A7F01448-BE30-42D5-A64E-257EC45F5A3E}.Release|Any CPU.ActiveCfg = Release|Any CPU
		{A7F01448-BE30-42D5-A64E-257EC45F5A3E}.Release|Any CPU.Build.0 = Release|Any CPU
	EndGlobalSection
	GlobalSection(SolutionProperties) = preSolution
		HideSolutionNode = FALSE
	EndGlobalSection
	GlobalSection(ExtensibilityGlobals) = postSolution
		SolutionGuid = {0BA1B744-95D4-4429-80A7-F05076B4F34B}
	EndGlobalSection
EndGlobal
